
Microsoft Visual Studio Solution File, Format Version 12.00
# Visual Studio Version 16
VisualStudioVersion = 16.0.32413.511
MinimumVisualStudioVersion = 10.0.40219.1
Project("{FAE04EC0-301F-11D3-BF4B-00C04F79EFBC}") = "OSV", "OSV\OSV.csproj", "{572E28C6-66CD-49F0-AF54-A7F0A266DEBB}"
EndProject
Global
	GlobalSection(SolutionConfigurationPlatforms) = preSolution
		Debug|Any CPU = Debug|Any CPU
		Release|Any CPU = Release|Any CPU
	EndGlobalSection
	GlobalSection(ProjectConfigurationPlatforms) = postSolution
		{572E28C6-66CD-49F0-AF54-A7F0A266DEBB}.Debug|Any CPU.ActiveCfg = Debug|Any CPU
		{572E28C6-66CD-49F0-AF54-A7F0A266DEBB}.Debug|Any CPU.Build.0 = Debug|Any CPU
		{572E28C6-66CD-49F0-AF54-A7F0A266DEBB}.Release|Any CPU.ActiveCfg = Release|Any CPU
		{572E28C6-66CD-49F0-AF54-A7F0A266DEBB}.Release|Any CPU.Build.0 = Release|Any CPU
	EndGlobalSection
	GlobalSection(SolutionProperties) = preSolution
		HideSolutionNode = FALSE
	EndGlobalSection
	GlobalSection(ExtensibilityGlobals) = postSolution
		SolutionGuid = {F2C54517-4BEE-4089-87F7-97DCF4B3A444}
	EndGlobalSection
EndGlobal
